
Microsoft Visual Studio Solution File, Format Version 12.00
# Visual Studio Version 17
VisualStudioVersion = 17.0.31912.275
MinimumVisualStudioVersion = 10.0.40219.1
Project("{FAE04EC0-301F-11D3-BF4B-00C04F79EFBC}") = "3.1MertSharp", "3.1MertSharp\3.1MertSharp.csproj", "{AFA8DA16-E4E4-4F47-B868-A3A8181523DB}"
EndProject
Global
	GlobalSection(SolutionConfigurationPlatforms) = preSolution
		Debug|Any CPU = Debug|Any CPU
		Release|Any CPU = Release|Any CPU
	EndGlobalSection
	GlobalSection(ProjectConfigurationPlatforms) = postSolution
		{AFA8DA16-E4E4-4F47-B868-A3A8181523DB}.Debug|Any CPU.ActiveCfg = Debug|Any CPU
		{AFA8DA16-E4E4-4F47-B868-A3A8181523DB}.Debug|Any CPU.Build.0 = Debug|Any CPU
		{AFA8DA16-E4E4-4F47-B868-A3A8181523DB}.Release|Any CPU.ActiveCfg = Release|Any CPU
		{AFA8DA16-E4E4-4F47-B868-A3A8181523DB}.Release|Any CPU.Build.0 = Release|Any CPU
	EndGlobalSection
	GlobalSection(SolutionProperties) = preSolution
		HideSolutionNode = FALSE
	EndGlobalSection
	GlobalSection(ExtensibilityGlobals) = postSolution
		SolutionGuid = {10ECDAEA-B53F-488C-BD17-71386B41F6B0}
	EndGlobalSection
EndGlobal
